# This file is automatically @generated by Cargo.
# It is not intended for manual editing.
version = 4

[[package]]
name = "adapters"
version = "0.1.0"

[[package]]
name = "cli"
version = "0.1.0"

[[package]]
name = "contracts"
version = "0.1.0"

[[package]]
name = "daemon"
version = "0.1.0"

[[package]]
name = "stateguard-core"
version = "0.1.0"
